
Microsoft Visual Studio Solution File, Format Version 12.00
# Visual Studio Version 17
VisualStudioVersion = 17.12.35323.107
MinimumVisualStudioVersion = 10.0.40219.1
Project("{FAE04EC0-301F-11D3-BF4B-00C04F79EFBC}") = "commits", "commits.csproj", "{FCEA7C08-6159-42BD-8E30-CD7FCB366C84}"
EndProject
Global
	GlobalSection(SolutionConfigurationPlatforms) = preSolution
		Debug|Any CPU = Debug|Any CPU
		Release|Any CPU = Release|Any CPU
	EndGlobalSection
	GlobalSection(ProjectConfigurationPlatforms) = postSolution
		{FCEA7C08-6159-42BD-8E30-CD7FCB366C84}.Debug|Any CPU.ActiveCfg = Debug|Any CPU
		{FCEA7C08-6159-42BD-8E30-CD7FCB366C84}.Debug|Any CPU.Build.0 = Debug|Any CPU
		{FCEA7C08-6159-42BD-8E30-CD7FCB366C84}.Release|Any CPU.ActiveCfg = Release|Any CPU
		{FCEA7C08-6159-42BD-8E30-CD7FCB366C84}.Release|Any CPU.Build.0 = Release|Any CPU
	EndGlobalSection
	GlobalSection(SolutionProperties) = preSolution
		HideSolutionNode = FALSE
	EndGlobalSection
	GlobalSection(ExtensibilityGlobals) = postSolution
		SolutionGuid = {BBD01BBB-4935-4BBF-B0B0-61EB2BB70749}
	EndGlobalSection
EndGlobal
